{
  "name": "freetools",
  "version": "1.0.0",
  "lockfileVersion": 3,
  "requires": true,
  "packages": {
    "": {
      "name": "freetools",
      "version": "1.0.0",
      "license": "ISC",
      "dependencies": {
        "idcard-tool": "^1.0.2",
        "weapp-qrcode-canvas-2d": "^1.1.6"
      }
    },
    "node_modules/extend": {
      "version": "3.0.2",
      "resolved": "https://registry.npmjs.org/extend/-/extend-3.0.2.tgz",
      "integrity": "sha512-fjquC59cD7CyW6urNXK0FBufkZcoiGG80wTuPujX590cB5Ttln20E2UB4S/WARVqhXffZl2LNgS+gQdPIIim/g=="
    },
    "node_modules/idcard-tool": {
      "version": "1.0.2",
      "resolved": "https://registry.npmjs.org/idcard-tool/-/idcard-tool-1.0.2.tgz",
      "integrity": "sha512-Fs/hg7SxAhjKqcB6P9u9dQPQkSwaitXJetc3MNigJVGlacsWAW/oM04+GTOUBubKrDbKTgeJKdPca40obme0sg==",
      "engines": {
        "node": ">=20",
        "npm": ">=8",
        "yarn": "please-use-npm"
      }
    },
    "node_modules/weapp-qrcode-canvas-2d": {
      "version": "1.1.6",
      "resolved": "https://registry.npmjs.org/weapp-qrcode-canvas-2d/-/weapp-qrcode-canvas-2d-1.1.6.tgz",
      "integrity": "sha512-98/Al6OgYJwJIQFRypux43a21TZpeVy/63uYzAR4YQrIm9+vxq7bKH5v+hRwshWdku4TySDmhXC8la8wZmh5UQ==",
      "dependencies": {
        "extend": "^3.0.2"
      }
    }
  }
}
