{
  "name": "copywriting-tools",
  "version": "1.0.0",
  "lockfileVersion": 3,
  "requires": true,
  "packages": {
    "": {
      "name": "copywriting-tools",
      "version": "1.0.0",
      "license": "ISC",
      "dependencies": {
        "wordbank": "^1.0.2"
      }
    },
    "node_modules/wordbank": {
      "version": "1.0.3",
      "resolved": "https://registry.npmjs.org/wordbank/-/wordbank-1.0.3.tgz",
      "integrity": "sha512-oWI6wiFGxKmtWzL811NRTI9m3QMguoUtB7eSAgbySs5cykI62eX+6ixQaN82ZUjIC/o+cW5mUrCdOjnPX1+GGw=="
    }
  }
}
