{
  "name": "copywriting-tools",
  "version": "1.0.0",
  "lockfileVersion": 3,
  "requires": true,
  "packages": {
    "": {
      "name": "copywriting-tools",
      "version": "1.0.0",
      "license": "ISC",
      "dependencies": {
        "wordbank": "^1.0.2"
      }
    },
    "node_modules/wordbank": {
      "version": "1.0.2",
      "resolved": "https://registry.npmjs.org/wordbank/-/wordbank-1.0.2.tgz",
      "integrity": "sha512-abqW+wwnWZ8fUMfp7jb/UVQHuMM7l/cq6E6NITyhhz1yWYbxsec8/rVmSvafjlucp4nuuULGIzfctpharavgDg=="
    }
  }
}
